
Microsoft Visual Studio Solution File, Format Version 12.00
Project("{FAE04EC0-301F-11D3-BF4B-00C04F79EFBC}") = "Redis_messenger_client_1", "Redis_messenger_client_1\Redis_messenger_client_1.csproj", "{EFE23F31-760E-4E03-BB7C-5B7D497AA1F1}"
EndProject
Global
	GlobalSection(SolutionConfigurationPlatforms) = preSolution
		Debug|Any CPU = Debug|Any CPU
		Release|Any CPU = Release|Any CPU
	EndGlobalSection
	GlobalSection(ProjectConfigurationPlatforms) = postSolution
		{EFE23F31-760E-4E03-BB7C-5B7D497AA1F1}.Debug|Any CPU.ActiveCfg = Debug|Any CPU
		{EFE23F31-760E-4E03-BB7C-5B7D497AA1F1}.Debug|Any CPU.Build.0 = Debug|Any CPU
		{EFE23F31-760E-4E03-BB7C-5B7D497AA1F1}.Release|Any CPU.ActiveCfg = Release|Any CPU
		{EFE23F31-760E-4E03-BB7C-5B7D497AA1F1}.Release|Any CPU.Build.0 = Release|Any CPU
	EndGlobalSection
EndGlobal
